
Microsoft Visual Studio Solution File, Format Version 12.00
# Visual Studio 14
VisualStudioVersion = 14.0.25123.0
MinimumVisualStudioVersion = 10.0.40219.1
Project("{FAE04EC0-301F-11D3-BF4B-00C04F79EFBC}") = "Task1", "Task1\Task1.csproj", "{99AB11D4-E260-44D7-92CB-0441D7169C54}"
EndProject
Project("{FAE04EC0-301F-11D3-BF4B-00C04F79EFBC}") = "Task1.Test", "Task1.Test\Task1.Test.csproj", "{749CB987-F851-471C-98F8-EED78D9907C1}"
EndProject
Project("{FAE04EC0-301F-11D3-BF4B-00C04F79EFBC}") = "Task2", "Task2\Task2.csproj", "{B9B4962C-2D93-4D15-ACEF-EBC08EDF53D2}"
EndProject
Global
	GlobalSection(SolutionConfigurationPlatforms) = preSolution
		Debug|Any CPU = Debug|Any CPU
		Release|Any CPU = Release|Any CPU
	EndGlobalSection
	GlobalSection(ProjectConfigurationPlatforms) = postSolution
		{99AB11D4-E260-44D7-92CB-0441D7169C54}.Debug|Any CPU.ActiveCfg = Debug|Any CPU
		{99AB11D4-E260-44D7-92CB-0441D7169C54}.Debug|Any CPU.Build.0 = Debug|Any CPU
		{99AB11D4-E260-44D7-92CB-0441D7169C54}.Release|Any CPU.ActiveCfg = Release|Any CPU
		{99AB11D4-E260-44D7-92CB-0441D7169C54}.Release|Any CPU.Build.0 = Release|Any CPU
		{749CB987-F851-471C-98F8-EED78D9907C1}.Debug|Any CPU.ActiveCfg = Debug|Any CPU
		{749CB987-F851-471C-98F8-EED78D9907C1}.Debug|Any CPU.Build.0 = Debug|Any CPU
		{749CB987-F851-471C-98F8-EED78D9907C1}.Release|Any CPU.ActiveCfg = Release|Any CPU
		{749CB987-F851-471C-98F8-EED78D9907C1}.Release|Any CPU.Build.0 = Release|Any CPU
		{B9B4962C-2D93-4D15-ACEF-EBC08EDF53D2}.Debug|Any CPU.ActiveCfg = Debug|Any CPU
		{B9B4962C-2D93-4D15-ACEF-EBC08EDF53D2}.Debug|Any CPU.Build.0 = Debug|Any CPU
		{B9B4962C-2D93-4D15-ACEF-EBC08EDF53D2}.Release|Any CPU.ActiveCfg = Release|Any CPU
		{B9B4962C-2D93-4D15-ACEF-EBC08EDF53D2}.Release|Any CPU.Build.0 = Release|Any CPU
	EndGlobalSection
	GlobalSection(SolutionProperties) = preSolution
		HideSolutionNode = FALSE
	EndGlobalSection
EndGlobal
